
Microsoft Visual Studio Solution File, Format Version 12.00
# Visual Studio Version 17
VisualStudioVersion = 17.14.36811.4 d17.14
MinimumVisualStudioVersion = 10.0.40219.1
Project("{FAE04EC0-301F-11D3-BF4B-00C04F79EFBC}") = "ProductsAPI", "ProductsAPI.csproj", "{4440E224-2411-472C-9120-3E1C94BA7601}"
EndProject
Global
	GlobalSection(SolutionConfigurationPlatforms) = preSolution
		Debug|Any CPU = Debug|Any CPU
		Release|Any CPU = Release|Any CPU
	EndGlobalSection
	GlobalSection(ProjectConfigurationPlatforms) = postSolution
		{4440E224-2411-472C-9120-3E1C94BA7601}.Debug|Any CPU.ActiveCfg = Debug|Any CPU
		{4440E224-2411-472C-9120-3E1C94BA7601}.Debug|Any CPU.Build.0 = Debug|Any CPU
		{4440E224-2411-472C-9120-3E1C94BA7601}.Release|Any CPU.ActiveCfg = Release|Any CPU
		{4440E224-2411-472C-9120-3E1C94BA7601}.Release|Any CPU.Build.0 = Release|Any CPU
	EndGlobalSection
	GlobalSection(SolutionProperties) = preSolution
		HideSolutionNode = FALSE
	EndGlobalSection
	GlobalSection(ExtensibilityGlobals) = postSolution
		SolutionGuid = {00DD5D09-6D05-47FE-B836-992B567BE21F}
	EndGlobalSection
EndGlobal
